
Microsoft Visual Studio Solution File, Format Version 12.00
# Visual Studio Version 17
VisualStudioVersion = 17.2.32519.379
MinimumVisualStudioVersion = 10.0.40219.1
Project("{FAE04EC0-301F-11D3-BF4B-00C04F79EFBC}") = "CompanyEmployees", "CompanyEmployees\CompanyEmployees.csproj", "{BDDFEA40-13F9-47EC-851F-E8B82A85BB41}"
EndProject
Global
	GlobalSection(SolutionConfigurationPlatforms) = preSolution
		Debug|Any CPU = Debug|Any CPU
		Release|Any CPU = Release|Any CPU
	EndGlobalSection
	GlobalSection(ProjectConfigurationPlatforms) = postSolution
		{BDDFEA40-13F9-47EC-851F-E8B82A85BB41}.Debug|Any CPU.ActiveCfg = Debug|Any CPU
		{BDDFEA40-13F9-47EC-851F-E8B82A85BB41}.Debug|Any CPU.Build.0 = Debug|Any CPU
		{BDDFEA40-13F9-47EC-851F-E8B82A85BB41}.Release|Any CPU.ActiveCfg = Release|Any CPU
		{BDDFEA40-13F9-47EC-851F-E8B82A85BB41}.Release|Any CPU.Build.0 = Release|Any CPU
	EndGlobalSection
	GlobalSection(SolutionProperties) = preSolution
		HideSolutionNode = FALSE
	EndGlobalSection
	GlobalSection(ExtensibilityGlobals) = postSolution
		SolutionGuid = {77B2E0F5-0295-45BB-B67D-047D056988C3}
	EndGlobalSection
EndGlobal
